
Microsoft Visual Studio Solution File, Format Version 12.00
# Visual Studio Version 17
VisualStudioVersion = 17.14.36301.6 d17.14
MinimumVisualStudioVersion = 10.0.40219.1
Project("{FAE04EC0-301F-11D3-BF4B-00C04F79EFBC}") = "Employee.MVC", "Employee.MVC\Employee.MVC.csproj", "{FC1A2FAB-A0CD-49CB-A57A-6FFB5141D08D}"
EndProject
Project("{FAE04EC0-301F-11D3-BF4B-00C04F79EFBC}") = "Employee.API", "Employee.API\Employee.API.csproj", "{4BB887AD-83FA-4756-A0EE-138FA613BDC5}"
EndProject
Global
	GlobalSection(SolutionConfigurationPlatforms) = preSolution
		Debug|Any CPU = Debug|Any CPU
		Release|Any CPU = Release|Any CPU
	EndGlobalSection
	GlobalSection(ProjectConfigurationPlatforms) = postSolution
		{FC1A2FAB-A0CD-49CB-A57A-6FFB5141D08D}.Debug|Any CPU.ActiveCfg = Debug|Any CPU
		{FC1A2FAB-A0CD-49CB-A57A-6FFB5141D08D}.Debug|Any CPU.Build.0 = Debug|Any CPU
		{FC1A2FAB-A0CD-49CB-A57A-6FFB5141D08D}.Release|Any CPU.ActiveCfg = Release|Any CPU
		{FC1A2FAB-A0CD-49CB-A57A-6FFB5141D08D}.Release|Any CPU.Build.0 = Release|Any CPU
		{4BB887AD-83FA-4756-A0EE-138FA613BDC5}.Debug|Any CPU.ActiveCfg = Debug|Any CPU
		{4BB887AD-83FA-4756-A0EE-138FA613BDC5}.Debug|Any CPU.Build.0 = Debug|Any CPU
		{4BB887AD-83FA-4756-A0EE-138FA613BDC5}.Release|Any CPU.ActiveCfg = Release|Any CPU
		{4BB887AD-83FA-4756-A0EE-138FA613BDC5}.Release|Any CPU.Build.0 = Release|Any CPU
	EndGlobalSection
	GlobalSection(SolutionProperties) = preSolution
		HideSolutionNode = FALSE
	EndGlobalSection
	GlobalSection(ExtensibilityGlobals) = postSolution
		SolutionGuid = {C86677B1-F5DA-410E-8B70-A4ED44586AD1}
	EndGlobalSection
EndGlobal
